
Microsoft Visual Studio Solution File, Format Version 12.00
# Visual Studio 15
VisualStudioVersion = 15.0.27004.2009
MinimumVisualStudioVersion = 10.0.40219.1
Project("{FAE04EC0-301F-11D3-BF4B-00C04F79EFBC}") = "KursBD", "KursBD\KursBD.csproj", "{770F3E69-B545-41CF-A752-C6084D7770EE}"
EndProject
Global
	GlobalSection(SolutionConfigurationPlatforms) = preSolution
		Debug|Any CPU = Debug|Any CPU
		Release|Any CPU = Release|Any CPU
	EndGlobalSection
	GlobalSection(ProjectConfigurationPlatforms) = postSolution
		{770F3E69-B545-41CF-A752-C6084D7770EE}.Debug|Any CPU.ActiveCfg = Debug|Any CPU
		{770F3E69-B545-41CF-A752-C6084D7770EE}.Debug|Any CPU.Build.0 = Debug|Any CPU
		{770F3E69-B545-41CF-A752-C6084D7770EE}.Release|Any CPU.ActiveCfg = Release|Any CPU
		{770F3E69-B545-41CF-A752-C6084D7770EE}.Release|Any CPU.Build.0 = Release|Any CPU
	EndGlobalSection
	GlobalSection(SolutionProperties) = preSolution
		HideSolutionNode = FALSE
	EndGlobalSection
	GlobalSection(ExtensibilityGlobals) = postSolution
		SolutionGuid = {AC66428E-68D0-4495-A0D1-5BB3625BFB48}
	EndGlobalSection
EndGlobal
